// !$*UTF8*$!
{
	archiveVersion = 1;
	classes = {
	};
	objectVersion = 50;
	objects = {

/* Begin PBXBuildFile section */
		1456F9B6AD00C33B92E85C36 /* Pods_WeatherApp.framework in Frameworks */ = {isa = PBXBuildFile; fileRef = 234674EADEBC174194CA1EE6 /* Pods_WeatherApp.framework */; };
		AB091B342110AA7E007C1782 /* AppDelegate.swift in Sources */ = {isa = PBXBuildFile; fileRef = AB091B332110AA7E007C1782 /* AppDelegate.swift */; };
		AB091B362110AA7E007C1782 /* WorldMapController.swift in Sources */ = {isa = PBXBuildFile; fileRef = AB091B352110AA7E007C1782 /* WorldMapController.swift */; };
		AB091B3B2110AA80007C1782 /* Assets.xcassets in Resources */ = {isa = PBXBuildFile; fileRef = AB091B3A2110AA80007C1782 /* Assets.xcassets */; };
		AB091B3E2110AA80007C1782 /* LaunchScreen.storyboard in Resources */ = {isa = PBXBuildFile; fileRef = AB091B3C2110AA80007C1782 /* LaunchScreen.storyboard */; };
		AB091B4C2110AD71007C1782 /* MapKit.framework in Frameworks */ = {isa = PBXBuildFile; fileRef = AB091B4B2110AD71007C1782 /* MapKit.framework */; };
		AB4ABDDD21122EBD003E4302 /* WeatherDetailView.swift in Sources */ = {isa = PBXBuildFile; fileRef = AB4ABDDC21122EBD003E4302 /* WeatherDetailView.swift */; };
		AB4ABDDF21122ED0003E4302 /* WorldMapView.swift in Sources */ = {isa = PBXBuildFile; fileRef = AB4ABDDE21122ED0003E4302 /* WorldMapView.swift */; };
		AB4ABDE121122F11003E4302 /* DescriptionLocationView.swift in Sources */ = {isa = PBXBuildFile; fileRef = AB4ABDE021122F11003E4302 /* DescriptionLocationView.swift */; };
		AB4ABDE721122FB2003E4302 /* WeatherDetailController.swift in Sources */ = {isa = PBXBuildFile; fileRef = AB4ABDE621122FB2003E4302 /* WeatherDetailController.swift */; };
		AB4ABDE921122FCD003E4302 /* UIColor+AppColor.swift in Sources */ = {isa = PBXBuildFile; fileRef = AB4ABDE821122FCD003E4302 /* UIColor+AppColor.swift */; };
		AB4ABDEB21123008003E4302 /* Constants.swift in Sources */ = {isa = PBXBuildFile; fileRef = AB4ABDEA21123008003E4302 /* Constants.swift */; };
		AB4ABDEE2117177C003E4302 /* Float+CleanValue.swift in Sources */ = {isa = PBXBuildFile; fileRef = AB4ABDED2117177C003E4302 /* Float+CleanValue.swift */; };
/* End PBXBuildFile section */

/* Begin PBXFileReference section */
		234674EADEBC174194CA1EE6 /* Pods_WeatherApp.framework */ = {isa = PBXFileReference; explicitFileType = wrapper.framework; includeInIndex = 0; path = Pods_WeatherApp.framework; sourceTree = BUILT_PRODUCTS_DIR; };
		386569FC8ECCAA37AF53DADE /* Pods-WeatherApp.release.xcconfig */ = {isa = PBXFileReference; includeInIndex = 1; lastKnownFileType = text.xcconfig; name = "Pods-WeatherApp.release.xcconfig"; path = "Pods/Target Support Files/Pods-WeatherApp/Pods-WeatherApp.release.xcconfig"; sourceTree = "<group>"; };
		85F5EAA6246DF4CECBBD5119 /* Pods-WeatherApp.debug.xcconfig */ = {isa = PBXFileReference; includeInIndex = 1; lastKnownFileType = text.xcconfig; name = "Pods-WeatherApp.debug.xcconfig"; path = "Pods/Target Support Files/Pods-WeatherApp/Pods-WeatherApp.debug.xcconfig"; sourceTree = "<group>"; };
		AB091B302110AA7D007C1782 /* WeatherApp.app */ = {isa = PBXFileReference; explicitFileType = wrapper.application; includeInIndex = 0; path = WeatherApp.app; sourceTree = BUILT_PRODUCTS_DIR; };
		AB091B332110AA7E007C1782 /* AppDelegate.swift */ = {isa = PBXFileReference; lastKnownFileType = sourcecode.swift; path = AppDelegate.swift; sourceTree = "<group>"; };
		AB091B352110AA7E007C1782 /* WorldMapController.swift */ = {isa = PBXFileReference; lastKnownFileType = sourcecode.swift; path = WorldMapController.swift; sourceTree = "<group>"; };
		AB091B3A2110AA80007C1782 /* Assets.xcassets */ = {isa = PBXFileReference; lastKnownFileType = folder.assetcatalog; path = Assets.xcassets; sourceTree = "<group>"; };
		AB091B3D2110AA80007C1782 /* Base */ = {isa = PBXFileReference; lastKnownFileType = file.storyboard; name = Base; path = Base.lproj/LaunchScreen.storyboard; sourceTree = "<group>"; };
		AB091B3F2110AA80007C1782 /* Info.plist */ = {isa = PBXFileReference; lastKnownFileType = text.plist.xml; path = Info.plist; sourceTree = "<group>"; };
		AB091B4B2110AD71007C1782 /* MapKit.framework */ = {isa = PBXFileReference; lastKnownFileType = wrapper.framework; name = MapKit.framework; path = System/Library/Frameworks/MapKit.framework; sourceTree = SDKROOT; };
		AB4ABDDC21122EBD003E4302 /* WeatherDetailView.swift */ = {isa = PBXFileReference; lastKnownFileType = sourcecode.swift; path = WeatherDetailView.swift; sourceTree = "<group>"; };
		AB4ABDDE21122ED0003E4302 /* WorldMapView.swift */ = {isa = PBXFileReference; lastKnownFileType = sourcecode.swift; path = WorldMapView.swift; sourceTree = "<group>"; };
		AB4ABDE021122F11003E4302 /* DescriptionLocationView.swift */ = {isa = PBXFileReference; lastKnownFileType = sourcecode.swift; path = DescriptionLocationView.swift; sourceTree = "<group>"; };
		AB4ABDE621122FB2003E4302 /* WeatherDetailController.swift */ = {isa = PBXFileReference; lastKnownFileType = sourcecode.swift; path = WeatherDetailController.swift; sourceTree = "<group>"; };
		AB4ABDE821122FCD003E4302 /* UIColor+AppColor.swift */ = {isa = PBXFileReference; lastKnownFileType = sourcecode.swift; path = "UIColor+AppColor.swift"; sourceTree = "<group>"; };
		AB4ABDEA21123008003E4302 /* Constants.swift */ = {isa = PBXFileReference; lastKnownFileType = sourcecode.swift; path = Constants.swift; sourceTree = "<group>"; };
		AB4ABDED2117177C003E4302 /* Float+CleanValue.swift */ = {isa = PBXFileReference; lastKnownFileType = sourcecode.swift; path = "Float+CleanValue.swift"; sourceTree = "<group>"; };
/* End PBXFileReference section */

/* Begin PBXFrameworksBuildPhase section */
		AB091B2D2110AA7D007C1782 /* Frameworks */ = {
			isa = PBXFrameworksBuildPhase;
			buildActionMask = 2147483647;
			files = (
				AB091B4C2110AD71007C1782 /* MapKit.framework in Frameworks */,
				1456F9B6AD00C33B92E85C36 /* Pods_WeatherApp.framework in Frameworks */,
			);
			runOnlyForDeploymentPostprocessing = 0;
		};
/* End PBXFrameworksBuildPhase section */

/* Begin PBXGroup section */
		740C4BABC0C5B0F7C6853876 /* Pods */ = {
			isa = PBXGroup;
			children = (
				85F5EAA6246DF4CECBBD5119 /* Pods-WeatherApp.debug.xcconfig */,
				386569FC8ECCAA37AF53DADE /* Pods-WeatherApp.release.xcconfig */,
			);
			name = Pods;
			sourceTree = "<group>";
		};
		AB091B272110AA7D007C1782 = {
			isa = PBXGroup;
			children = (
				AB091B322110AA7E007C1782 /* WeatherApp */,
				AB091B312110AA7D007C1782 /* Products */,
				AB091B4A2110AD70007C1782 /* Frameworks */,
				740C4BABC0C5B0F7C6853876 /* Pods */,
			);
			sourceTree = "<group>";
		};
		AB091B312110AA7D007C1782 /* Products */ = {
			isa = PBXGroup;
			children = (
				AB091B302110AA7D007C1782 /* WeatherApp.app */,
			);
			name = Products;
			sourceTree = "<group>";
		};
		AB091B322110AA7E007C1782 /* WeatherApp */ = {
			isa = PBXGroup;
			children = (
				AB4ABDEC21123026003E4302 /* Service */,
				AB091B492110AAC7007C1782 /* Helpers */,
				AB091B482110AAB1007C1782 /* Extensions */,
				AB091B472110AA95007C1782 /* Controllers */,
				AB091B462110AA8F007C1782 /* Views */,
				AB091B452110AA89007C1782 /* Models */,
				AB091B332110AA7E007C1782 /* AppDelegate.swift */,
				AB091B3A2110AA80007C1782 /* Assets.xcassets */,
				AB091B3C2110AA80007C1782 /* LaunchScreen.storyboard */,
				AB091B3F2110AA80007C1782 /* Info.plist */,
			);
			path = WeatherApp;
			sourceTree = "<group>";
		};
		AB091B452110AA89007C1782 /* Models */ = {
			isa = PBXGroup;
			children = (
			);
			path = Models;
			sourceTree = "<group>";
		};
		AB091B462110AA8F007C1782 /* Views */ = {
			isa = PBXGroup;
			children = (
				AB4ABDDC21122EBD003E4302 /* WeatherDetailView.swift */,
				AB4ABDDE21122ED0003E4302 /* WorldMapView.swift */,
				AB4ABDE021122F11003E4302 /* DescriptionLocationView.swift */,
			);
			path = Views;
			sourceTree = "<group>";
		};
		AB091B472110AA95007C1782 /* Controllers */ = {
			isa = PBXGroup;
			children = (
				AB091B352110AA7E007C1782 /* WorldMapController.swift */,
				AB4ABDE621122FB2003E4302 /* WeatherDetailController.swift */,
			);
			path = Controllers;
			sourceTree = "<group>";
		};
		AB091B482110AAB1007C1782 /* Extensions */ = {
			isa = PBXGroup;
			children = (
				AB4ABDE821122FCD003E4302 /* UIColor+AppColor.swift */,
				AB4ABDED2117177C003E4302 /* Float+CleanValue.swift */,
			);
			path = Extensions;
			sourceTree = "<group>";
		};
		AB091B492110AAC7007C1782 /* Helpers */ = {
			isa = PBXGroup;
			children = (
				AB4ABDEA21123008003E4302 /* Constants.swift */,
			);
			path = Helpers;
			sourceTree = "<group>";
		};
		AB091B4A2110AD70007C1782 /* Frameworks */ = {
			isa = PBXGroup;
			children = (
				AB091B4B2110AD71007C1782 /* MapKit.framework */,
				234674EADEBC174194CA1EE6 /* Pods_WeatherApp.framework */,
			);
			name = Frameworks;
			sourceTree = "<group>";
		};
		AB4ABDEC21123026003E4302 /* Service */ = {
			isa = PBXGroup;
			children = (
			);
			path = Service;
			sourceTree = "<group>";
		};
/* End PBXGroup section */

/* Begin PBXNativeTarget section */
		AB091B2F2110AA7D007C1782 /* WeatherApp */ = {
			isa = PBXNativeTarget;
			buildConfigurationList = AB091B422110AA80007C1782 /* Build configuration list for PBXNativeTarget "WeatherApp" */;
			buildPhases = (
				A93BFA610A474CB80CB0AD86 /* [CP] Check Pods Manifest.lock */,
				AB091B2C2110AA7D007C1782 /* Sources */,
				AB091B2D2110AA7D007C1782 /* Frameworks */,
				AB091B2E2110AA7D007C1782 /* Resources */,
				9B676AE87D943D44E2D61C25 /* [CP] Embed Pods Frameworks */,
				AB091B4D2110AF37007C1782 /* ShellScript */,
			);
			buildRules = (
			);
			dependencies = (
			);
			name = WeatherApp;
			productName = WeatherApp;
			productReference = AB091B302110AA7D007C1782 /* WeatherApp.app */;
			productType = "com.apple.product-type.application";
		};
/* End PBXNativeTarget section */

/* Begin PBXProject section */
		AB091B282110AA7D007C1782 /* Project object */ = {
			isa = PBXProject;
			attributes = {
				LastSwiftUpdateCheck = 0930;
				LastUpgradeCheck = 0930;
				ORGANIZATIONNAME = "Pavel Kurilov";
				TargetAttributes = {
					AB091B2F2110AA7D007C1782 = {
						CreatedOnToolsVersion = 9.3;
					};
				};
			};
			buildConfigurationList = AB091B2B2110AA7D007C1782 /* Build configuration list for PBXProject "WeatherApp" */;
			compatibilityVersion = "Xcode 9.3";
			developmentRegion = en;
			hasScannedForEncodings = 0;
			knownRegions = (
				en,
				Base,
			);
			mainGroup = AB091B272110AA7D007C1782;
			productRefGroup = AB091B312110AA7D007C1782 /* Products */;
			projectDirPath = "";
			projectRoot = "";
			targets = (
				AB091B2F2110AA7D007C1782 /* WeatherApp */,
			);
		};
/* End PBXProject section */

/* Begin PBXResourcesBuildPhase section */
		AB091B2E2110AA7D007C1782 /* Resources */ = {
			isa = PBXResourcesBuildPhase;
			buildActionMask = 2147483647;
			files = (
				AB091B3E2110AA80007C1782 /* LaunchScreen.storyboard in Resources */,
				AB091B3B2110AA80007C1782 /* Assets.xcassets in Resources */,
			);
			runOnlyForDeploymentPostprocessing = 0;
		};
/* End PBXResourcesBuildPhase section */

/* Begin PBXShellScriptBuildPhase section */
		9B676AE87D943D44E2D61C25 /* [CP] Embed Pods Frameworks */ = {
			isa = PBXShellScriptBuildPhase;
			buildActionMask = 2147483647;
			files = (
			);
			inputPaths = (
				"${SRCROOT}/Pods/Target Support Files/Pods-WeatherApp/Pods-WeatherApp-frameworks.sh",
				"${BUILT_PRODUCTS_DIR}/Alamofire/Alamofire.framework",
				"${BUILT_PRODUCTS_DIR}/KRActivityIndicatorView/KRActivityIndicatorView.framework",
				"${BUILT_PRODUCTS_DIR}/KRProgressHUD/KRProgressHUD.framework",
				"${BUILT_PRODUCTS_DIR}/LBTAComponents/LBTAComponents.framework",
				"${BUILT_PRODUCTS_DIR}/SnapKit/SnapKit.framework",
				"${BUILT_PRODUCTS_DIR}/SwiftyJSON/SwiftyJSON.framework",
				"${BUILT_PRODUCTS_DIR}/TRON/TRON.framework",
			);
			name = "[CP] Embed Pods Frameworks";
			outputPaths = (
				"${TARGET_BUILD_DIR}/${FRAMEWORKS_FOLDER_PATH}/Alamofire.framework",
				"${TARGET_BUILD_DIR}/${FRAMEWORKS_FOLDER_PATH}/KRActivityIndicatorView.framework",
				"${TARGET_BUILD_DIR}/${FRAMEWORKS_FOLDER_PATH}/KRProgressHUD.framework",
				"${TARGET_BUILD_DIR}/${FRAMEWORKS_FOLDER_PATH}/LBTAComponents.framework",
				"${TARGET_BUILD_DIR}/${FRAMEWORKS_FOLDER_PATH}/SnapKit.framework",
				"${TARGET_BUILD_DIR}/${FRAMEWORKS_FOLDER_PATH}/SwiftyJSON.framework",
				"${TARGET_BUILD_DIR}/${FRAMEWORKS_FOLDER_PATH}/TRON.framework",
			);
			runOnlyForDeploymentPostprocessing = 0;
			shellPath = /bin/sh;
			shellScript = "\"${SRCROOT}/Pods/Target Support Files/Pods-WeatherApp/Pods-WeatherApp-frameworks.sh\"\n";
			showEnvVarsInLog = 0;
		};
		A93BFA610A474CB80CB0AD86 /* [CP] Check Pods Manifest.lock */ = {
			isa = PBXShellScriptBuildPhase;
			buildActionMask = 2147483647;
			files = (
			);
			inputPaths = (
				"${PODS_PODFILE_DIR_PATH}/Podfile.lock",
				"${PODS_ROOT}/Manifest.lock",
			);
			name = "[CP] Check Pods Manifest.lock";
			outputPaths = (
				"$(DERIVED_FILE_DIR)/Pods-WeatherApp-checkManifestLockResult.txt",
			);
			runOnlyForDeploymentPostprocessing = 0;
			shellPath = /bin/sh;
			shellScript = "diff \"${PODS_PODFILE_DIR_PATH}/Podfile.lock\" \"${PODS_ROOT}/Manifest.lock\" > /dev/null\nif [ $? != 0 ] ; then\n    # print error to STDERR\n    echo \"error: The sandbox is not in sync with the Podfile.lock. Run 'pod install' or update your CocoaPods installation.\" >&2\n    exit 1\nfi\n# This output is used by Xcode 'outputs' to avoid re-running this script phase.\necho \"SUCCESS\" > \"${SCRIPT_OUTPUT_FILE_0}\"\n";
			showEnvVarsInLog = 0;
		};
		AB091B4D2110AF37007C1782 /* ShellScript */ = {
			isa = PBXShellScriptBuildPhase;
			buildActionMask = 2147483647;
			files = (
			);
			inputPaths = (
			);
			outputPaths = (
			);
			runOnlyForDeploymentPostprocessing = 0;
			shellPath = /bin/sh;
			shellScript = "if which swiftlint >/dev/null; then\nswiftlint\nelse\necho \"error: SwiftLint does not exist, download it from https://github.com/realm/SwiftLint\"\nexit 1\nfi";
		};
/* End PBXShellScriptBuildPhase section */

/* Begin PBXSourcesBuildPhase section */
		AB091B2C2110AA7D007C1782 /* Sources */ = {
			isa = PBXSourcesBuildPhase;
			buildActionMask = 2147483647;
			files = (
				AB4ABDDD21122EBD003E4302 /* WeatherDetailView.swift in Sources */,
				AB091B362110AA7E007C1782 /* WorldMapController.swift in Sources */,
				AB4ABDE121122F11003E4302 /* DescriptionLocationView.swift in Sources */,
				AB4ABDDF21122ED0003E4302 /* WorldMapView.swift in Sources */,
				AB4ABDEB21123008003E4302 /* Constants.swift in Sources */,
				AB4ABDE921122FCD003E4302 /* UIColor+AppColor.swift in Sources */,
				AB091B342110AA7E007C1782 /* AppDelegate.swift in Sources */,
				AB4ABDEE2117177C003E4302 /* Float+CleanValue.swift in Sources */,
				AB4ABDE721122FB2003E4302 /* WeatherDetailController.swift in Sources */,
			);
			runOnlyForDeploymentPostprocessing = 0;
		};
/* End PBXSourcesBuildPhase section */

/* Begin PBXVariantGroup section */
		AB091B3C2110AA80007C1782 /* LaunchScreen.storyboard */ = {
			isa = PBXVariantGroup;
			children = (
				AB091B3D2110AA80007C1782 /* Base */,
			);
			name = LaunchScreen.storyboard;
			sourceTree = "<group>";
		};
/* End PBXVariantGroup section */

/* Begin XCBuildConfiguration section */
		AB091B402110AA80007C1782 /* Debug */ = {
			isa = XCBuildConfiguration;
			buildSettings = {
				ALWAYS_SEARCH_USER_PATHS = NO;
				CLANG_ANALYZER_NONNULL = YES;
				CLANG_ANALYZER_NUMBER_OBJECT_CONVERSION = YES_AGGRESSIVE;
				CLANG_CXX_LANGUAGE_STANDARD = "gnu++14";
				CLANG_CXX_LIBRARY = "libc++";
				CLANG_ENABLE_MODULES = YES;
				CLANG_ENABLE_OBJC_ARC = YES;
				CLANG_ENABLE_OBJC_WEAK = YES;
				CLANG_WARN_BLOCK_CAPTURE_AUTORELEASING = YES;
				CLANG_WARN_BOOL_CONVERSION = YES;
				CLANG_WARN_COMMA = YES;
				CLANG_WARN_CONSTANT_CONVERSION = YES;
				CLANG_WARN_DEPRECATED_OBJC_IMPLEMENTATIONS = YES;
				CLANG_WARN_DIRECT_OBJC_ISA_USAGE = YES_ERROR;
				CLANG_WARN_DOCUMENTATION_COMMENTS = YES;
				CLANG_WARN_EMPTY_BODY = YES;
				CLANG_WARN_ENUM_CONVERSION = YES;
				CLANG_WARN_INFINITE_RECURSION = YES;
				CLANG_WARN_INT_CONVERSION = YES;
				CLANG_WARN_NON_LITERAL_NULL_CONVERSION = YES;
				CLANG_WARN_OBJC_IMPLICIT_RETAIN_SELF = YES;
				CLANG_WARN_OBJC_LITERAL_CONVERSION = YES;
				CLANG_WARN_OBJC_ROOT_CLASS = YES_ERROR;
				CLANG_WARN_RANGE_LOOP_ANALYSIS = YES;
				CLANG_WARN_STRICT_PROTOTYPES = YES;
				CLANG_WARN_SUSPICIOUS_MOVE = YES;
				CLANG_WARN_UNGUARDED_AVAILABILITY = YES_AGGRESSIVE;
				CLANG_WARN_UNREACHABLE_CODE = YES;
				CLANG_WARN__DUPLICATE_METHOD_MATCH = YES;
				CODE_SIGN_IDENTITY = "iPhone Developer";
				COPY_PHASE_STRIP = NO;
				DEBUG_INFORMATION_FORMAT = dwarf;
				ENABLE_STRICT_OBJC_MSGSEND = YES;
				ENABLE_TESTABILITY = YES;
				GCC_C_LANGUAGE_STANDARD = gnu11;
				GCC_DYNAMIC_NO_PIC = NO;
				GCC_NO_COMMON_BLOCKS = YES;
				GCC_OPTIMIZATION_LEVEL = 0;
				GCC_PREPROCESSOR_DEFINITIONS = (
					"DEBUG=1",
					"$(inherited)",
				);
				GCC_WARN_64_TO_32_BIT_CONVERSION = YES;
				GCC_WARN_ABOUT_RETURN_TYPE = YES_ERROR;
				GCC_WARN_UNDECLARED_SELECTOR = YES;
				GCC_WARN_UNINITIALIZED_AUTOS = YES_AGGRESSIVE;
				GCC_WARN_UNUSED_FUNCTION = YES;
				GCC_WARN_UNUSED_VARIABLE = YES;
				IPHONEOS_DEPLOYMENT_TARGET = 10.0;
				MTL_ENABLE_DEBUG_INFO = YES;
				ONLY_ACTIVE_ARCH = YES;
				SDKROOT = iphoneos;
				SWIFT_ACTIVE_COMPILATION_CONDITIONS = DEBUG;
				SWIFT_OPTIMIZATION_LEVEL = "-Onone";
			};
			name = Debug;
		};
		AB091B412110AA80007C1782 /* Release */ = {
			isa = XCBuildConfiguration;
			buildSettings = {
				ALWAYS_SEARCH_USER_PATHS = NO;
				CLANG_ANALYZER_NONNULL = YES;
				CLANG_ANALYZER_NUMBER_OBJECT_CONVERSION = YES_AGGRESSIVE;
				CLANG_CXX_LANGUAGE_STANDARD = "gnu++14";
				CLANG_CXX_LIBRARY = "libc++";
				CLANG_ENABLE_MODULES = YES;
				CLANG_ENABLE_OBJC_ARC = YES;
				CLANG_ENABLE_OBJC_WEAK = YES;
				CLANG_WARN_BLOCK_CAPTURE_AUTORELEASING = YES;
				CLANG_WARN_BOOL_CONVERSION = YES;
				CLANG_WARN_COMMA = YES;
				CLANG_WARN_CONSTANT_CONVERSION = YES;
				CLANG_WARN_DEPRECATED_OBJC_IMPLEMENTATIONS = YES;
				CLANG_WARN_DIRECT_OBJC_ISA_USAGE = YES_ERROR;
				CLANG_WARN_DOCUMENTATION_COMMENTS = YES;
				CLANG_WARN_EMPTY_BODY = YES;
				CLANG_WARN_ENUM_CONVERSION = YES;
				CLANG_WARN_INFINITE_RECURSION = YES;
				CLANG_WARN_INT_CONVERSION = YES;
				CLANG_WARN_NON_LITERAL_NULL_CONVERSION = YES;
				CLANG_WARN_OBJC_IMPLICIT_RETAIN_SELF = YES;
				CLANG_WARN_OBJC_LITERAL_CONVERSION = YES;
				CLANG_WARN_OBJC_ROOT_CLASS = YES_ERROR;
				CLANG_WARN_RANGE_LOOP_ANALYSIS = YES;
				CLANG_WARN_STRICT_PROTOTYPES = YES;
				CLANG_WARN_SUSPICIOUS_MOVE = YES;
				CLANG_WARN_UNGUARDED_AVAILABILITY = YES_AGGRESSIVE;
				CLANG_WARN_UNREACHABLE_CODE = YES;
				CLANG_WARN__DUPLICATE_METHOD_MATCH = YES;
				CODE_SIGN_IDENTITY = "iPhone Developer";
				COPY_PHASE_STRIP = NO;
				DEBUG_INFORMATION_FORMAT = "dwarf-with-dsym";
				ENABLE_NS_ASSERTIONS = NO;
				ENABLE_STRICT_OBJC_MSGSEND = YES;
				GCC_C_LANGUAGE_STANDARD = gnu11;
				GCC_NO_COMMON_BLOCKS = YES;
				GCC_WARN_64_TO_32_BIT_CONVERSION = YES;
				GCC_WARN_ABOUT_RETURN_TYPE = YES_ERROR;
				GCC_WARN_UNDECLARED_SELECTOR = YES;
				GCC_WARN_UNINITIALIZED_AUTOS = YES_AGGRESSIVE;
				GCC_WARN_UNUSED_FUNCTION = YES;
				GCC_WARN_UNUSED_VARIABLE = YES;
				IPHONEOS_DEPLOYMENT_TARGET = 10.0;
				MTL_ENABLE_DEBUG_INFO = NO;
				SDKROOT = iphoneos;
				SWIFT_COMPILATION_MODE = wholemodule;
				SWIFT_OPTIMIZATION_LEVEL = "-O";
				VALIDATE_PRODUCT = YES;
			};
			name = Release;
		};
		AB091B432110AA80007C1782 /* Debug */ = {
			isa = XCBuildConfiguration;
			baseConfigurationReference = 85F5EAA6246DF4CECBBD5119 /* Pods-WeatherApp.debug.xcconfig */;
			buildSettings = {
				ASSETCATALOG_COMPILER_APPICON_NAME = AppIcon;
				CODE_SIGN_STYLE = Automatic;
				DEVELOPMENT_TEAM = R22NV699R6;
				INFOPLIST_FILE = WeatherApp/Info.plist;
				IPHONEOS_DEPLOYMENT_TARGET = 10.0;
				LD_RUNPATH_SEARCH_PATHS = (
					"$(inherited)",
					"@executable_path/Frameworks",
				);
				PRODUCT_BUNDLE_IDENTIFIER = pavelKurilov.com.WeatherApp;
				PRODUCT_NAME = "$(TARGET_NAME)";
				SWIFT_VERSION = 4.0;
				TARGETED_DEVICE_FAMILY = 1;
			};
			name = Debug;
		};
		AB091B442110AA80007C1782 /* Release */ = {
			isa = XCBuildConfiguration;
			baseConfigurationReference = 386569FC8ECCAA37AF53DADE /* Pods-WeatherApp.release.xcconfig */;
			buildSettings = {
				ASSETCATALOG_COMPILER_APPICON_NAME = AppIcon;
				CODE_SIGN_STYLE = Automatic;
				DEVELOPMENT_TEAM = R22NV699R6;
				INFOPLIST_FILE = WeatherApp/Info.plist;
				IPHONEOS_DEPLOYMENT_TARGET = 10.0;
				LD_RUNPATH_SEARCH_PATHS = (
					"$(inherited)",
					"@executable_path/Frameworks",
				);
				PRODUCT_BUNDLE_IDENTIFIER = pavelKurilov.com.WeatherApp;
				PRODUCT_NAME = "$(TARGET_NAME)";
				SWIFT_VERSION = 4.0;
				TARGETED_DEVICE_FAMILY = 1;
			};
			name = Release;
		};
/* End XCBuildConfiguration section */

/* Begin XCConfigurationList section */
		AB091B2B2110AA7D007C1782 /* Build configuration list for PBXProject "WeatherApp" */ = {
			isa = XCConfigurationList;
			buildConfigurations = (
				AB091B402110AA80007C1782 /* Debug */,
				AB091B412110AA80007C1782 /* Release */,
			);
			defaultConfigurationIsVisible = 0;
			defaultConfigurationName = Release;
		};
		AB091B422110AA80007C1782 /* Build configuration list for PBXNativeTarget "WeatherApp" */ = {
			isa = XCConfigurationList;
			buildConfigurations = (
				AB091B432110AA80007C1782 /* Debug */,
				AB091B442110AA80007C1782 /* Release */,
			);
			defaultConfigurationIsVisible = 0;
			defaultConfigurationName = Release;
		};
/* End XCConfigurationList section */
	};
	rootObject = AB091B282110AA7D007C1782 /* Project object */;
}
